
Microsoft Visual Studio Solution File, Format Version 12.00
# Visual Studio 15
Project("{FAE04EC0-301F-11D3-BF4B-00C04F79EFBC}") = "Assembly-CSharp", "Assembly-CSharp.csproj", "{2CC0F734-F262-ACC1-5EB0-5DD42329A159}"
EndProject
Project("{FAE04EC0-301F-11D3-BF4B-00C04F79EFBC}") = "Assembly-CSharp-Editor", "Assembly-CSharp-Editor.csproj", "{0BED39E0-8052-4552-502B-012DE7836770}"
EndProject
Global
	GlobalSection(SolutionConfigurationPlatforms) = preSolution
		Debug|Any CPU = Debug|Any CPU
		Release|Any CPU = Release|Any CPU
	EndGlobalSection
	GlobalSection(ProjectConfigurationPlatforms) = postSolution
		{2CC0F734-F262-ACC1-5EB0-5DD42329A159}.Debug|Any CPU.ActiveCfg = Debug|Any CPU
		{2CC0F734-F262-ACC1-5EB0-5DD42329A159}.Debug|Any CPU.Build.0 = Debug|Any CPU
		{2CC0F734-F262-ACC1-5EB0-5DD42329A159}.Release|Any CPU.ActiveCfg = Release|Any CPU
		{2CC0F734-F262-ACC1-5EB0-5DD42329A159}.Release|Any CPU.Build.0 = Release|Any CPU
		{0BED39E0-8052-4552-502B-012DE7836770}.Debug|Any CPU.ActiveCfg = Debug|Any CPU
		{0BED39E0-8052-4552-502B-012DE7836770}.Debug|Any CPU.Build.0 = Debug|Any CPU
		{0BED39E0-8052-4552-502B-012DE7836770}.Release|Any CPU.ActiveCfg = Release|Any CPU
		{0BED39E0-8052-4552-502B-012DE7836770}.Release|Any CPU.Build.0 = Release|Any CPU
	EndGlobalSection
	GlobalSection(SolutionProperties) = preSolution
		HideSolutionNode = FALSE
	EndGlobalSection
EndGlobal
